Microsoft Visual Studio Solution File, Format Version 11.00
# Visual Studio 2012
Project("{FAE04EC0-301F-11D3-BF4B-00C04F79EFBC}") = "WpfPivotCustomCellValueDisplaytext", "WpfPivotCustomCellValueDisplaytext\WpfPivotCustomCellValueDisplaytext.csproj", "{D0A9B6F3-B5F0-4D7B-86B6-1A1F1E38985F}"
EndProject
Global
	GlobalSection(SolutionConfigurationPlatforms) = preSolution
		Debug|x86 = Debug|x86
		Release|x86 = Release|x86
	EndGlobalSection
	GlobalSection(ProjectConfigurationPlatforms) = postSolution
		{D0A9B6F3-B5F0-4D7B-86B6-1A1F1E38985F}.Debug|x86.ActiveCfg = Debug|x86
		{D0A9B6F3-B5F0-4D7B-86B6-1A1F1E38985F}.Debug|x86.Build.0 = Debug|x86
		{D0A9B6F3-B5F0-4D7B-86B6-1A1F1E38985F}.Release|x86.ActiveCfg = Release|x86
		{D0A9B6F3-B5F0-4D7B-86B6-1A1F1E38985F}.Release|x86.Build.0 = Release|x86
	EndGlobalSection
	GlobalSection(SolutionProperties) = preSolution
		HideSolutionNode = FALSE
	EndGlobalSection
EndGlobal
